{
  "requires": true,
  "lockfileVersion": 1,
  "dependencies": {
    "qia-widgets": {
      "version": "1.1.2",
      "resolved": "https://registry.npmjs.org/qia-widgets/-/qia-widgets-1.1.2.tgz",
      "integrity": "sha512-vq5PReu0pANhTCytzJIHh79NkD0IUC6nGF71xZwgwNRBFqEfp6nz01NErW4uNITJMET9uFsNwsmOO/11fA6D/Q=="
    }
  }
}
