{
  "requires": true,
  "lockfileVersion": 1,
  "dependencies": {
    "qia-widgets": {
      "version": "1.1.5",
      "resolved": "https://registry.npmjs.org/qia-widgets/-/qia-widgets-1.1.5.tgz",
      "integrity": "sha512-hIhAax0C1Hrd+82bP2/s3gktsZkMUoiyzx6IdcNCCS5D4l5qj0FRAa3Cq1taeWHXQgtnMsNnpOzQPGyeYqZX7A=="
    }
  }
}
